
Microsoft Visual Studio Solution File, Format Version 12.00
# Visual Studio Version 17
VisualStudioVersion = 17.4.33110.190
MinimumVisualStudioVersion = 10.0.40219.1
Project("{FAE04EC0-301F-11D3-BF4B-00C04F79EFBC}") = "QueuingSystemCoursework", "QueuingSystemCoursework.csproj", "{CADEB6F2-822A-46A5-B82F-C672397F2777}"
EndProject
Global
	GlobalSection(SolutionConfigurationPlatforms) = preSolution
		Debug|Any CPU = Debug|Any CPU
		Release|Any CPU = Release|Any CPU
	EndGlobalSection
	GlobalSection(ProjectConfigurationPlatforms) = postSolution
		{CADEB6F2-822A-46A5-B82F-C672397F2777}.Debug|Any CPU.ActiveCfg = Debug|Any CPU
		{CADEB6F2-822A-46A5-B82F-C672397F2777}.Debug|Any CPU.Build.0 = Debug|Any CPU
		{CADEB6F2-822A-46A5-B82F-C672397F2777}.Release|Any CPU.ActiveCfg = Release|Any CPU
		{CADEB6F2-822A-46A5-B82F-C672397F2777}.Release|Any CPU.Build.0 = Release|Any CPU
	EndGlobalSection
	GlobalSection(SolutionProperties) = preSolution
		HideSolutionNode = FALSE
	EndGlobalSection
	GlobalSection(ExtensibilityGlobals) = postSolution
		SolutionGuid = {C54F670E-A60F-4B3B-B4E3-54C452062019}
	EndGlobalSection
EndGlobal
